
Microsoft Visual Studio Solution File, Format Version 12.00
# Visual Studio Version 17
VisualStudioVersion = 17.4.33110.190
MinimumVisualStudioVersion = 10.0.40219.1
Project("{9A19103F-16F7-4668-BE54-9A1E7A4F7556}") = "GameMaster", "GameMaster\GameMaster.csproj", "{B85869A4-FCA5-4175-814D-F197B9D5B2BD}"
EndProject
Project("{9A19103F-16F7-4668-BE54-9A1E7A4F7556}") = "TicTacToeExamplePlayer", "TicTacToeExamplePlayer\TicTacToeExamplePlayer.csproj", "{E1502960-B9DD-4004-BC0F-FEA5D23EAE7D}"
EndProject
Project("{9A19103F-16F7-4668-BE54-9A1E7A4F7556}") = "GamePlayerInterfaces", "GamePlayerInterfaces\GamePlayerInterfaces.csproj", "{F443C76E-202B-4642-8F92-B105960B32E1}"
EndProject
Project("{9A19103F-16F7-4668-BE54-9A1E7A4F7556}") = "DataAccessLayer", "DataAccessLayer\DataAccessLayer.csproj", "{BD988200-ADE7-48D0-904B-4D7E07E6B830}"
EndProject
Project("{9A19103F-16F7-4668-BE54-9A1E7A4F7556}") = "Entities", "Entities\Entities.csproj", "{0E53352D-52EB-4C53-B398-283EF1131274}"
EndProject
Project("{9A19103F-16F7-4668-BE54-9A1E7A4F7556}") = "PresentationLayer.ConsoleResultsPrinter", "PresentationLayer.ConsoleResultsPrinter\PresentationLayer.ConsoleResultsPrinter.csproj", "{8FCB8210-36AB-42D3-9C2A-48CDEDE694A1}"
EndProject
Project("{FAE04EC0-301F-11D3-BF4B-00C04F79EFBC}") = "PresentationLayerGameMasterMVC", "PresentationLayerGameMasterMVC\PresentationLayerGameMasterMVC.csproj", "{85309C6C-3069-4A59-B06B-450CF1B8AD8B}"
EndProject
Global
	GlobalSection(SolutionConfigurationPlatforms) = preSolution
		Debug|Any CPU = Debug|Any CPU
		Release|Any CPU = Release|Any CPU
	EndGlobalSection
	GlobalSection(ProjectConfigurationPlatforms) = postSolution
		{B85869A4-FCA5-4175-814D-F197B9D5B2BD}.Debug|Any CPU.ActiveCfg = Debug|Any CPU
		{B85869A4-FCA5-4175-814D-F197B9D5B2BD}.Debug|Any CPU.Build.0 = Debug|Any CPU
		{B85869A4-FCA5-4175-814D-F197B9D5B2BD}.Release|Any CPU.ActiveCfg = Release|Any CPU
		{B85869A4-FCA5-4175-814D-F197B9D5B2BD}.Release|Any CPU.Build.0 = Release|Any CPU
		{E1502960-B9DD-4004-BC0F-FEA5D23EAE7D}.Debug|Any CPU.ActiveCfg = Debug|Any CPU
		{E1502960-B9DD-4004-BC0F-FEA5D23EAE7D}.Debug|Any CPU.Build.0 = Debug|Any CPU
		{E1502960-B9DD-4004-BC0F-FEA5D23EAE7D}.Release|Any CPU.ActiveCfg = Release|Any CPU
		{E1502960-B9DD-4004-BC0F-FEA5D23EAE7D}.Release|Any CPU.Build.0 = Release|Any CPU
		{F443C76E-202B-4642-8F92-B105960B32E1}.Debug|Any CPU.ActiveCfg = Debug|Any CPU
		{F443C76E-202B-4642-8F92-B105960B32E1}.Debug|Any CPU.Build.0 = Debug|Any CPU
		{F443C76E-202B-4642-8F92-B105960B32E1}.Release|Any CPU.ActiveCfg = Release|Any CPU
		{F443C76E-202B-4642-8F92-B105960B32E1}.Release|Any CPU.Build.0 = Release|Any CPU
		{BD988200-ADE7-48D0-904B-4D7E07E6B830}.Debug|Any CPU.ActiveCfg = Debug|Any CPU
		{BD988200-ADE7-48D0-904B-4D7E07E6B830}.Debug|Any CPU.Build.0 = Debug|Any CPU
		{BD988200-ADE7-48D0-904B-4D7E07E6B830}.Release|Any CPU.ActiveCfg = Release|Any CPU
		{BD988200-ADE7-48D0-904B-4D7E07E6B830}.Release|Any CPU.Build.0 = Release|Any CPU
		{0E53352D-52EB-4C53-B398-283EF1131274}.Debug|Any CPU.ActiveCfg = Debug|Any CPU
		{0E53352D-52EB-4C53-B398-283EF1131274}.Debug|Any CPU.Build.0 = Debug|Any CPU
		{0E53352D-52EB-4C53-B398-283EF1131274}.Release|Any CPU.ActiveCfg = Release|Any CPU
		{0E53352D-52EB-4C53-B398-283EF1131274}.Release|Any CPU.Build.0 = Release|Any CPU
		{8FCB8210-36AB-42D3-9C2A-48CDEDE694A1}.Debug|Any CPU.ActiveCfg = Debug|Any CPU
		{8FCB8210-36AB-42D3-9C2A-48CDEDE694A1}.Debug|Any CPU.Build.0 = Debug|Any CPU
		{8FCB8210-36AB-42D3-9C2A-48CDEDE694A1}.Release|Any CPU.ActiveCfg = Release|Any CPU
		{8FCB8210-36AB-42D3-9C2A-48CDEDE694A1}.Release|Any CPU.Build.0 = Release|Any CPU
		{85309C6C-3069-4A59-B06B-450CF1B8AD8B}.Debug|Any CPU.ActiveCfg = Debug|Any CPU
		{85309C6C-3069-4A59-B06B-450CF1B8AD8B}.Debug|Any CPU.Build.0 = Debug|Any CPU
		{85309C6C-3069-4A59-B06B-450CF1B8AD8B}.Release|Any CPU.ActiveCfg = Release|Any CPU
		{85309C6C-3069-4A59-B06B-450CF1B8AD8B}.Release|Any CPU.Build.0 = Release|Any CPU
	EndGlobalSection
	GlobalSection(SolutionProperties) = preSolution
		HideSolutionNode = FALSE
	EndGlobalSection
	GlobalSection(ExtensibilityGlobals) = postSolution
		SolutionGuid = {A0B704C5-3B9A-4764-9033-6C289059CEB1}
	EndGlobalSection
EndGlobal
